
Microsoft Visual Studio Solution File, Format Version 12.00
# Visual Studio Version 17
VisualStudioVersion = 17.0.32014.148
MinimumVisualStudioVersion = 10.0.40219.1
Project("{FAE04EC0-301F-11D3-BF4B-00C04F79EFBC}") = "rock paper scissors game", "rock paper scissors game\rock paper scissors game.csproj", "{DCB0C52E-6ABB-412C-8AF5-31B56D5C49A7}"
EndProject
Global
	GlobalSection(SolutionConfigurationPlatforms) = preSolution
		Debug|Any CPU = Debug|Any CPU
		Release|Any CPU = Release|Any CPU
	EndGlobalSection
	GlobalSection(ProjectConfigurationPlatforms) = postSolution
		{DCB0C52E-6ABB-412C-8AF5-31B56D5C49A7}.Debug|Any CPU.ActiveCfg = Debug|Any CPU
		{DCB0C52E-6ABB-412C-8AF5-31B56D5C49A7}.Debug|Any CPU.Build.0 = Debug|Any CPU
		{DCB0C52E-6ABB-412C-8AF5-31B56D5C49A7}.Release|Any CPU.ActiveCfg = Release|Any CPU
		{DCB0C52E-6ABB-412C-8AF5-31B56D5C49A7}.Release|Any CPU.Build.0 = Release|Any CPU
	EndGlobalSection
	GlobalSection(SolutionProperties) = preSolution
		HideSolutionNode = FALSE
	EndGlobalSection
	GlobalSection(ExtensibilityGlobals) = postSolution
		SolutionGuid = {6DDC8117-5F1D-4FCB-95DE-E2447D9F6901}
	EndGlobalSection
EndGlobal
