
Microsoft Visual Studio Solution File, Format Version 12.00
# Visual Studio Version 17
VisualStudioVersion = 17.0.32014.148
MinimumVisualStudioVersion = 10.0.40219.1
Project("{FAE04EC0-301F-11D3-BF4B-00C04F79EFBC}") = "method", "method\method.csproj", "{AAC5B1BB-A2FD-4CCF-A837-E3CEBD7216F1}"
EndProject
Global
	GlobalSection(SolutionConfigurationPlatforms) = preSolution
		Debug|Any CPU = Debug|Any CPU
		Release|Any CPU = Release|Any CPU
	EndGlobalSection
	GlobalSection(ProjectConfigurationPlatforms) = postSolution
		{AAC5B1BB-A2FD-4CCF-A837-E3CEBD7216F1}.Debug|Any CPU.ActiveCfg = Debug|Any CPU
		{AAC5B1BB-A2FD-4CCF-A837-E3CEBD7216F1}.Debug|Any CPU.Build.0 = Debug|Any CPU
		{AAC5B1BB-A2FD-4CCF-A837-E3CEBD7216F1}.Release|Any CPU.ActiveCfg = Release|Any CPU
		{AAC5B1BB-A2FD-4CCF-A837-E3CEBD7216F1}.Release|Any CPU.Build.0 = Release|Any CPU
	EndGlobalSection
	GlobalSection(SolutionProperties) = preSolution
		HideSolutionNode = FALSE
	EndGlobalSection
	GlobalSection(ExtensibilityGlobals) = postSolution
		SolutionGuid = {79863D41-8D55-4E67-A197-4A9EDCC6FFAB}
	EndGlobalSection
EndGlobal
