
Microsoft Visual Studio Solution File, Format Version 12.00
# Visual Studio Version 17
VisualStudioVersion = 17.0.32014.148
MinimumVisualStudioVersion = 10.0.40219.1
Project("{FAE04EC0-301F-11D3-BF4B-00C04F79EFBC}") = "Polymorphism", "Polymorphism\Polymorphism.csproj", "{87E4BF57-6E55-45C3-82A0-0956B66BA1EA}"
EndProject
Global
	GlobalSection(SolutionConfigurationPlatforms) = preSolution
		Debug|Any CPU = Debug|Any CPU
		Release|Any CPU = Release|Any CPU
	EndGlobalSection
	GlobalSection(ProjectConfigurationPlatforms) = postSolution
		{87E4BF57-6E55-45C3-82A0-0956B66BA1EA}.Debug|Any CPU.ActiveCfg = Debug|Any CPU
		{87E4BF57-6E55-45C3-82A0-0956B66BA1EA}.Debug|Any CPU.Build.0 = Debug|Any CPU
		{87E4BF57-6E55-45C3-82A0-0956B66BA1EA}.Release|Any CPU.ActiveCfg = Release|Any CPU
		{87E4BF57-6E55-45C3-82A0-0956B66BA1EA}.Release|Any CPU.Build.0 = Release|Any CPU
	EndGlobalSection
	GlobalSection(SolutionProperties) = preSolution
		HideSolutionNode = FALSE
	EndGlobalSection
	GlobalSection(ExtensibilityGlobals) = postSolution
		SolutionGuid = {243409F9-8731-4478-BD0A-72C723E94EAB}
	EndGlobalSection
EndGlobal
