
Microsoft Visual Studio Solution File, Format Version 12.00
# Visual Studio Version 17
VisualStudioVersion = 17.0.32014.148
MinimumVisualStudioVersion = 10.0.40219.1
Project("{FAE04EC0-301F-11D3-BF4B-00C04F79EFBC}") = "getters and setters", "getters and setters\getters and setters.csproj", "{B177FBF5-61EE-420A-9B77-DBDA600E095F}"
EndProject
Global
	GlobalSection(SolutionConfigurationPlatforms) = preSolution
		Debug|Any CPU = Debug|Any CPU
		Release|Any CPU = Release|Any CPU
	EndGlobalSection
	GlobalSection(ProjectConfigurationPlatforms) = postSolution
		{B177FBF5-61EE-420A-9B77-DBDA600E095F}.Debug|Any CPU.ActiveCfg = Debug|Any CPU
		{B177FBF5-61EE-420A-9B77-DBDA600E095F}.Debug|Any CPU.Build.0 = Debug|Any CPU
		{B177FBF5-61EE-420A-9B77-DBDA600E095F}.Release|Any CPU.ActiveCfg = Release|Any CPU
		{B177FBF5-61EE-420A-9B77-DBDA600E095F}.Release|Any CPU.Build.0 = Release|Any CPU
	EndGlobalSection
	GlobalSection(SolutionProperties) = preSolution
		HideSolutionNode = FALSE
	EndGlobalSection
	GlobalSection(ExtensibilityGlobals) = postSolution
		SolutionGuid = {CFC8A29A-1AC7-461D-8317-AD9493E54D9E}
	EndGlobalSection
EndGlobal
