
Microsoft Visual Studio Solution File, Format Version 12.00
# Visual Studio Version 17
VisualStudioVersion = 17.0.32014.148
MinimumVisualStudioVersion = 10.0.40219.1
Project("{FAE04EC0-301F-11D3-BF4B-00C04F79EFBC}") = "Class", "Class\Class.csproj", "{5E81F040-5D54-44C8-8E2C-CC9962F76A41}"
EndProject
Global
	GlobalSection(SolutionConfigurationPlatforms) = preSolution
		Debug|Any CPU = Debug|Any CPU
		Release|Any CPU = Release|Any CPU
	EndGlobalSection
	GlobalSection(ProjectConfigurationPlatforms) = postSolution
		{5E81F040-5D54-44C8-8E2C-CC9962F76A41}.Debug|Any CPU.ActiveCfg = Debug|Any CPU
		{5E81F040-5D54-44C8-8E2C-CC9962F76A41}.Debug|Any CPU.Build.0 = Debug|Any CPU
		{5E81F040-5D54-44C8-8E2C-CC9962F76A41}.Release|Any CPU.ActiveCfg = Release|Any CPU
		{5E81F040-5D54-44C8-8E2C-CC9962F76A41}.Release|Any CPU.Build.0 = Release|Any CPU
	EndGlobalSection
	GlobalSection(SolutionProperties) = preSolution
		HideSolutionNode = FALSE
	EndGlobalSection
	GlobalSection(ExtensibilityGlobals) = postSolution
		SolutionGuid = {F7BB98E2-2BD0-47D8-9DEB-F0B9BA8A6CF0}
	EndGlobalSection
EndGlobal
